// !$*UTF8*$!
{
	archiveVersion = 1;
	classes = {
	};
	objectVersion = 46;
	objects = {

/* Begin PBXBuildFile section */
		EA2962A21C92811300D4D4DB /* ProjectsTableViewController.swift in Sources */ = {isa = PBXBuildFile; fileRef = EA2962A11C92811300D4D4DB /* ProjectsTableViewController.swift */; };
		EA2962A51C92A22E00D4D4DB /* ProjectTableViewCell.swift in Sources */ = {isa = PBXBuildFile; fileRef = EA2962A41C92A22E00D4D4DB /* ProjectTableViewCell.swift */; };
		EA5E42651C9010A5001F337F /* AppDelegate.swift in Sources */ = {isa = PBXBuildFile; fileRef = EA5E42641C9010A5001F337F /* AppDelegate.swift */; };
		EA5E426A1C9010A5001F337F /* Main.storyboard in Resources */ = {isa = PBXBuildFile; fileRef = EA5E42681C9010A5001F337F /* Main.storyboard */; };
		EA5E426D1C9010A5001F337F /* Oslo.xcdatamodeld in Sources */ = {isa = PBXBuildFile; fileRef = EA5E426B1C9010A5001F337F /* Oslo.xcdatamodeld */; };
		EA5E42721C9010A5001F337F /* LaunchScreen.storyboard in Resources */ = {isa = PBXBuildFile; fileRef = EA5E42701C9010A5001F337F /* LaunchScreen.storyboard */; };
		EA5E42791C9015FF001F337F /* Assets.xcassets in Resources */ = {isa = PBXBuildFile; fileRef = EA5E426E1C9010A5001F337F /* Assets.xcassets */; };
		EA5E42991C9020AE001F337F /* AsyncButton.swift in Sources */ = {isa = PBXBuildFile; fileRef = EA5E427B1C9020AE001F337F /* AsyncButton.swift */; };
		EA5E429A1C9020AE001F337F /* AsyncImageView.swift in Sources */ = {isa = PBXBuildFile; fileRef = EA5E427C1C9020AE001F337F /* AsyncImageView.swift */; };
		EA5E429B1C9020AE001F337F /* AutoTextView.swift in Sources */ = {isa = PBXBuildFile; fileRef = EA5E427D1C9020AE001F337F /* AutoTextView.swift */; };
		EA5E429C1C9020AE001F337F /* BlurView.swift in Sources */ = {isa = PBXBuildFile; fileRef = EA5E427E1C9020AE001F337F /* BlurView.swift */; };
		EA5E429D1C9020AE001F337F /* DesignableButton.swift in Sources */ = {isa = PBXBuildFile; fileRef = EA5E427F1C9020AE001F337F /* DesignableButton.swift */; };
		EA5E429E1C9020AE001F337F /* DesignableImageView.swift in Sources */ = {isa = PBXBuildFile; fileRef = EA5E42801C9020AE001F337F /* DesignableImageView.swift */; };
		EA5E429F1C9020AE001F337F /* DesignableLabel.swift in Sources */ = {isa = PBXBuildFile; fileRef = EA5E42811C9020AE001F337F /* DesignableLabel.swift */; };
		EA5E42A01C9020AE001F337F /* DesignableTabBarController.swift in Sources */ = {isa = PBXBuildFile; fileRef = EA5E42821C9020AE001F337F /* DesignableTabBarController.swift */; };
		EA5E42A11C9020AE001F337F /* DesignableTextField.swift in Sources */ = {isa = PBXBuildFile; fileRef = EA5E42831C9020AE001F337F /* DesignableTextField.swift */; };
		EA5E42A21C9020AE001F337F /* DesignableTextView.swift in Sources */ = {isa = PBXBuildFile; fileRef = EA5E42841C9020AE001F337F /* DesignableTextView.swift */; };
		EA5E42A31C9020AE001F337F /* DesignableView.swift in Sources */ = {isa = PBXBuildFile; fileRef = EA5E42851C9020AE001F337F /* DesignableView.swift */; };
		EA5E42A41C9020AE001F337F /* ImageLoader.swift in Sources */ = {isa = PBXBuildFile; fileRef = EA5E42861C9020AE001F337F /* ImageLoader.swift */; };
		EA5E42A51C9020AE001F337F /* Info.plist in Resources */ = {isa = PBXBuildFile; fileRef = EA5E42871C9020AE001F337F /* Info.plist */; };
		EA5E42A61C9020AE001F337F /* KeyboardLayoutConstraint.swift in Sources */ = {isa = PBXBuildFile; fileRef = EA5E42881C9020AE001F337F /* KeyboardLayoutConstraint.swift */; };
		EA5E42A71C9020AE001F337F /* LoadingView.swift in Sources */ = {isa = PBXBuildFile; fileRef = EA5E42891C9020AE001F337F /* LoadingView.swift */; };
		EA5E42A81C9020AE001F337F /* LoadingView.xib in Resources */ = {isa = PBXBuildFile; fileRef = EA5E428A1C9020AE001F337F /* LoadingView.xib */; };
		EA5E42A91C9020AE001F337F /* Misc.swift in Sources */ = {isa = PBXBuildFile; fileRef = EA5E428B1C9020AE001F337F /* Misc.swift */; };
		EA5E42AA1C9020AE001F337F /* SoundPlayer.swift in Sources */ = {isa = PBXBuildFile; fileRef = EA5E428C1C9020AE001F337F /* SoundPlayer.swift */; };
		EA5E42AB1C9020AE001F337F /* Spring.swift in Sources */ = {isa = PBXBuildFile; fileRef = EA5E428E1C9020AE001F337F /* Spring.swift */; };
		EA5E42AC1C9020AE001F337F /* SpringAnimation.swift in Sources */ = {isa = PBXBuildFile; fileRef = EA5E428F1C9020AE001F337F /* SpringAnimation.swift */; };
		EA5E42AD1C9020AE001F337F /* SpringButton.swift in Sources */ = {isa = PBXBuildFile; fileRef = EA5E42901C9020AE001F337F /* SpringButton.swift */; };
		EA5E42AE1C9020AE001F337F /* SpringImageView.swift in Sources */ = {isa = PBXBuildFile; fileRef = EA5E42911C9020AE001F337F /* SpringImageView.swift */; };
		EA5E42AF1C9020AE001F337F /* SpringLabel.swift in Sources */ = {isa = PBXBuildFile; fileRef = EA5E42921C9020AE001F337F /* SpringLabel.swift */; };
		EA5E42B01C9020AE001F337F /* SpringTextField.swift in Sources */ = {isa = PBXBuildFile; fileRef = EA5E42931C9020AE001F337F /* SpringTextField.swift */; };
		EA5E42B11C9020AE001F337F /* SpringTextView.swift in Sources */ = {isa = PBXBuildFile; fileRef = EA5E42941C9020AE001F337F /* SpringTextView.swift */; };
		EA5E42B21C9020AE001F337F /* SpringView.swift in Sources */ = {isa = PBXBuildFile; fileRef = EA5E42951C9020AE001F337F /* SpringView.swift */; };
		EA5E42B31C9020AE001F337F /* TransitionManager.swift in Sources */ = {isa = PBXBuildFile; fileRef = EA5E42961C9020AE001F337F /* TransitionManager.swift */; };
		EA5E42B41C9020AE001F337F /* TransitionZoom.swift in Sources */ = {isa = PBXBuildFile; fileRef = EA5E42971C9020AE001F337F /* TransitionZoom.swift */; };
		EA5E42B51C9020AE001F337F /* UnwindSegue.swift in Sources */ = {isa = PBXBuildFile; fileRef = EA5E42981C9020AE001F337F /* UnwindSegue.swift */; };
		EA5E42B91C911D29001F337F /* LoginViewController.swift in Sources */ = {isa = PBXBuildFile; fileRef = EA5E42B81C911D29001F337F /* LoginViewController.swift */; };
		EA79856F1C94F74D00ECDB8A /* UserProfileViewController.swift in Sources */ = {isa = PBXBuildFile; fileRef = EA79856E1C94F74D00ECDB8A /* UserProfileViewController.swift */; };
		EA7985711C94FA5100ECDB8A /* ProjectListCollectionViewCell.swift in Sources */ = {isa = PBXBuildFile; fileRef = EA7985701C94FA5100ECDB8A /* ProjectListCollectionViewCell.swift */; };
		EA80A3E91C95A5EE00FA6BA1 /* MenuTableViewController.swift in Sources */ = {isa = PBXBuildFile; fileRef = EA80A3E81C95A5EE00FA6BA1 /* MenuTableViewController.swift */; };
		EA80A3EB1C95A5FA00FA6BA1 /* MenuTableViewCell.swift in Sources */ = {isa = PBXBuildFile; fileRef = EA80A3EA1C95A5FA00FA6BA1 /* MenuTableViewCell.swift */; };
		EA80A3ED1C95AE5E00FA6BA1 /* MenuTransitionManager.swift in Sources */ = {isa = PBXBuildFile; fileRef = EA80A3EC1C95AE5E00FA6BA1 /* MenuTransitionManager.swift */; };
/* End PBXBuildFile section */

/* Begin PBXFileReference section */
		EA2962A11C92811300D4D4DB /* ProjectsTableViewController.swift */ = {isa = PBXFileReference; fileEncoding = 4; lastKnownFileType = sourcecode.swift; path = ProjectsTableViewController.swift; sourceTree = "<group>"; };
		EA2962A41C92A22E00D4D4DB /* ProjectTableViewCell.swift */ = {isa = PBXFileReference; fileEncoding = 4; lastKnownFileType = sourcecode.swift; path = ProjectTableViewCell.swift; sourceTree = "<group>"; };
		EA5E42611C9010A5001F337F /* Oslo.app */ = {isa = PBXFileReference; explicitFileType = wrapper.application; includeInIndex = 0; path = Oslo.app; sourceTree = BUILT_PRODUCTS_DIR; };
		EA5E42641C9010A5001F337F /* AppDelegate.swift */ = {isa = PBXFileReference; lastKnownFileType = sourcecode.swift; path = AppDelegate.swift; sourceTree = "<group>"; };
		EA5E42691C9010A5001F337F /* Base */ = {isa = PBXFileReference; lastKnownFileType = file.storyboard; name = Base; path = Base.lproj/Main.storyboard; sourceTree = "<group>"; };
		EA5E426C1C9010A5001F337F /* Oslo.xcdatamodel */ = {isa = PBXFileReference; lastKnownFileType = wrapper.xcdatamodel; path = Oslo.xcdatamodel; sourceTree = "<group>"; };
		EA5E426E1C9010A5001F337F /* Assets.xcassets */ = {isa = PBXFileReference; lastKnownFileType = folder.assetcatalog; path = Assets.xcassets; sourceTree = "<group>"; };
		EA5E42711C9010A5001F337F /* Base */ = {isa = PBXFileReference; lastKnownFileType = file.storyboard; name = Base; path = Base.lproj/LaunchScreen.storyboard; sourceTree = "<group>"; };
		EA5E42731C9010A5001F337F /* Info.plist */ = {isa = PBXFileReference; lastKnownFileType = text.plist.xml; path = Info.plist; sourceTree = "<group>"; };
		EA5E427B1C9020AE001F337F /* AsyncButton.swift */ = {isa = PBXFileReference; fileEncoding = 4; lastKnownFileType = sourcecode.swift; path = AsyncButton.swift; sourceTree = "<group>"; };
		EA5E427C1C9020AE001F337F /* AsyncImageView.swift */ = {isa = PBXFileReference; fileEncoding = 4; lastKnownFileType = sourcecode.swift; path = AsyncImageView.swift; sourceTree = "<group>"; };
		EA5E427D1C9020AE001F337F /* AutoTextView.swift */ = {isa = PBXFileReference; fileEncoding = 4; lastKnownFileType = sourcecode.swift; path = AutoTextView.swift; sourceTree = "<group>"; };
		EA5E427E1C9020AE001F337F /* BlurView.swift */ = {isa = PBXFileReference; fileEncoding = 4; lastKnownFileType = sourcecode.swift; path = BlurView.swift; sourceTree = "<group>"; };
		EA5E427F1C9020AE001F337F /* DesignableButton.swift */ = {isa = PBXFileReference; fileEncoding = 4; lastKnownFileType = sourcecode.swift; path = DesignableButton.swift; sourceTree = "<group>"; };
		EA5E42801C9020AE001F337F /* DesignableImageView.swift */ = {isa = PBXFileReference; fileEncoding = 4; lastKnownFileType = sourcecode.swift; path = DesignableImageView.swift; sourceTree = "<group>"; };
		EA5E42811C9020AE001F337F /* DesignableLabel.swift */ = {isa = PBXFileReference; fileEncoding = 4; lastKnownFileType = sourcecode.swift; path = DesignableLabel.swift; sourceTree = "<group>"; };
		EA5E42821C9020AE001F337F /* DesignableTabBarController.swift */ = {isa = PBXFileReference; fileEncoding = 4; lastKnownFileType = sourcecode.swift; path = DesignableTabBarController.swift; sourceTree = "<group>"; };
		EA5E42831C9020AE001F337F /* DesignableTextField.swift */ = {isa = PBXFileReference; fileEncoding = 4; lastKnownFileType = sourcecode.swift; path = DesignableTextField.swift; sourceTree = "<group>"; };
		EA5E42841C9020AE001F337F /* DesignableTextView.swift */ = {isa = PBXFileReference; fileEncoding = 4; lastKnownFileType = sourcecode.swift; path = DesignableTextView.swift; sourceTree = "<group>"; };
		EA5E42851C9020AE001F337F /* DesignableView.swift */ = {isa = PBXFileReference; fileEncoding = 4; lastKnownFileType = sourcecode.swift; path = DesignableView.swift; sourceTree = "<group>"; };
		EA5E42861C9020AE001F337F /* ImageLoader.swift */ = {isa = PBXFileReference; fileEncoding = 4; lastKnownFileType = sourcecode.swift; path = ImageLoader.swift; sourceTree = "<group>"; };
		EA5E42871C9020AE001F337F /* Info.plist */ = {isa = PBXFileReference; fileEncoding = 4; lastKnownFileType = text.plist.xml; path = Info.plist; sourceTree = "<group>"; };
		EA5E42881C9020AE001F337F /* KeyboardLayoutConstraint.swift */ = {isa = PBXFileReference; fileEncoding = 4; lastKnownFileType = sourcecode.swift; path = KeyboardLayoutConstraint.swift; sourceTree = "<group>"; };
		EA5E42891C9020AE001F337F /* LoadingView.swift */ = {isa = PBXFileReference; fileEncoding = 4; lastKnownFileType = sourcecode.swift; path = LoadingView.swift; sourceTree = "<group>"; };
		EA5E428A1C9020AE001F337F /* LoadingView.xib */ = {isa = PBXFileReference; fileEncoding = 4; lastKnownFileType = file.xib; path = LoadingView.xib; sourceTree = "<group>"; };
		EA5E428B1C9020AE001F337F /* Misc.swift */ = {isa = PBXFileReference; fileEncoding = 4; lastKnownFileType = sourcecode.swift; path = Misc.swift; sourceTree = "<group>"; };
		EA5E428C1C9020AE001F337F /* SoundPlayer.swift */ = {isa = PBXFileReference; fileEncoding = 4; lastKnownFileType = sourcecode.swift; path = SoundPlayer.swift; sourceTree = "<group>"; };
		EA5E428D1C9020AE001F337F /* Spring.h */ = {isa = PBXFileReference; fileEncoding = 4; lastKnownFileType = sourcecode.c.h; path = Spring.h; sourceTree = "<group>"; };
		EA5E428E1C9020AE001F337F /* Spring.swift */ = {isa = PBXFileReference; fileEncoding = 4; lastKnownFileType = sourcecode.swift; path = Spring.swift; sourceTree = "<group>"; };
		EA5E428F1C9020AE001F337F /* SpringAnimation.swift */ = {isa = PBXFileReference; fileEncoding = 4; lastKnownFileType = sourcecode.swift; path = SpringAnimation.swift; sourceTree = "<group>"; };
		EA5E42901C9020AE001F337F /* SpringButton.swift */ = {isa = PBXFileReference; fileEncoding = 4; lastKnownFileType = sourcecode.swift; path = SpringButton.swift; sourceTree = "<group>"; };
		EA5E42911C9020AE001F337F /* SpringImageView.swift */ = {isa = PBXFileReference; fileEncoding = 4; lastKnownFileType = sourcecode.swift; path = SpringImageView.swift; sourceTree = "<group>"; };
		EA5E42921C9020AE001F337F /* SpringLabel.swift */ = {isa = PBXFileReference; fileEncoding = 4; lastKnownFileType = sourcecode.swift; path = SpringLabel.swift; sourceTree = "<group>"; };
		EA5E42931C9020AE001F337F /* SpringTextField.swift */ = {isa = PBXFileReference; fileEncoding = 4; lastKnownFileType = sourcecode.swift; path = SpringTextField.swift; sourceTree = "<group>"; };
		EA5E42941C9020AE001F337F /* SpringTextView.swift */ = {isa = PBXFileReference; fileEncoding = 4; lastKnownFileType = sourcecode.swift; path = SpringTextView.swift; sourceTree = "<group>"; };
		EA5E42951C9020AE001F337F /* SpringView.swift */ = {isa = PBXFileReference; fileEncoding = 4; lastKnownFileType = sourcecode.swift; path = SpringView.swift; sourceTree = "<group>"; };
		EA5E42961C9020AE001F337F /* TransitionManager.swift */ = {isa = PBXFileReference; fileEncoding = 4; lastKnownFileType = sourcecode.swift; path = TransitionManager.swift; sourceTree = "<group>"; };
		EA5E42971C9020AE001F337F /* TransitionZoom.swift */ = {isa = PBXFileReference; fileEncoding = 4; lastKnownFileType = sourcecode.swift; path = TransitionZoom.swift; sourceTree = "<group>"; };
		EA5E42981C9020AE001F337F /* UnwindSegue.swift */ = {isa = PBXFileReference; fileEncoding = 4; lastKnownFileType = sourcecode.swift; path = UnwindSegue.swift; sourceTree = "<group>"; };
		EA5E42B81C911D29001F337F /* LoginViewController.swift */ = {isa = PBXFileReference; fileEncoding = 4; lastKnownFileType = sourcecode.swift; path = LoginViewController.swift; sourceTree = "<group>"; };
		EA79856E1C94F74D00ECDB8A /* UserProfileViewController.swift */ = {isa = PBXFileReference; fileEncoding = 4; lastKnownFileType = sourcecode.swift; path = UserProfileViewController.swift; sourceTree = "<group>"; };
		EA7985701C94FA5100ECDB8A /* ProjectListCollectionViewCell.swift */ = {isa = PBXFileReference; fileEncoding = 4; lastKnownFileType = sourcecode.swift; path = ProjectListCollectionViewCell.swift; sourceTree = "<group>"; };
		EA80A3E81C95A5EE00FA6BA1 /* MenuTableViewController.swift */ = {isa = PBXFileReference; fileEncoding = 4; lastKnownFileType = sourcecode.swift; path = MenuTableViewController.swift; sourceTree = "<group>"; };
		EA80A3EA1C95A5FA00FA6BA1 /* MenuTableViewCell.swift */ = {isa = PBXFileReference; fileEncoding = 4; lastKnownFileType = sourcecode.swift; path = MenuTableViewCell.swift; sourceTree = "<group>"; };
		EA80A3EC1C95AE5E00FA6BA1 /* MenuTransitionManager.swift */ = {isa = PBXFileReference; fileEncoding = 4; lastKnownFileType = sourcecode.swift; path = MenuTransitionManager.swift; sourceTree = "<group>"; };
/* End PBXFileReference section */

/* Begin PBXFrameworksBuildPhase section */
		EA5E425E1C9010A5001F337F /* Frameworks */ = {
			isa = PBXFrameworksBuildPhase;
			buildActionMask = 2147483647;
			files = (
			);
			runOnlyForDeploymentPostprocessing = 0;
		};
/* End PBXFrameworksBuildPhase section */

/* Begin PBXGroup section */
		EA5E42581C9010A5001F337F = {
			isa = PBXGroup;
			children = (
				EA5E42631C9010A5001F337F /* Oslo */,
				EA5E42621C9010A5001F337F /* Products */,
			);
			sourceTree = "<group>";
		};
		EA5E42621C9010A5001F337F /* Products */ = {
			isa = PBXGroup;
			children = (
				EA5E42611C9010A5001F337F /* Oslo.app */,
			);
			name = Products;
			sourceTree = "<group>";
		};
		EA5E42631C9010A5001F337F /* Oslo */ = {
			isa = PBXGroup;
			children = (
				EA5E427A1C9020AE001F337F /* Spring */,
				EA5E42641C9010A5001F337F /* AppDelegate.swift */,
				EA2962A11C92811300D4D4DB /* ProjectsTableViewController.swift */,
				EA2962A41C92A22E00D4D4DB /* ProjectTableViewCell.swift */,
				EA5E42B81C911D29001F337F /* LoginViewController.swift */,
				EA79856E1C94F74D00ECDB8A /* UserProfileViewController.swift */,
				EA7985701C94FA5100ECDB8A /* ProjectListCollectionViewCell.swift */,
				EA80A3E81C95A5EE00FA6BA1 /* MenuTableViewController.swift */,
				EA80A3EA1C95A5FA00FA6BA1 /* MenuTableViewCell.swift */,
				EA80A3EC1C95AE5E00FA6BA1 /* MenuTransitionManager.swift */,
				EA5E42681C9010A5001F337F /* Main.storyboard */,
				EA5E426E1C9010A5001F337F /* Assets.xcassets */,
				EA5E42701C9010A5001F337F /* LaunchScreen.storyboard */,
				EA5E42731C9010A5001F337F /* Info.plist */,
				EA5E426B1C9010A5001F337F /* Oslo.xcdatamodeld */,
			);
			path = Oslo;
			sourceTree = "<group>";
		};
		EA5E427A1C9020AE001F337F /* Spring */ = {
			isa = PBXGroup;
			children = (
				EA5E427B1C9020AE001F337F /* AsyncButton.swift */,
				EA5E427C1C9020AE001F337F /* AsyncImageView.swift */,
				EA5E427D1C9020AE001F337F /* AutoTextView.swift */,
				EA5E427E1C9020AE001F337F /* BlurView.swift */,
				EA5E427F1C9020AE001F337F /* DesignableButton.swift */,
				EA5E42801C9020AE001F337F /* DesignableImageView.swift */,
				EA5E42811C9020AE001F337F /* DesignableLabel.swift */,
				EA5E42821C9020AE001F337F /* DesignableTabBarController.swift */,
				EA5E42831C9020AE001F337F /* DesignableTextField.swift */,
				EA5E42841C9020AE001F337F /* DesignableTextView.swift */,
				EA5E42851C9020AE001F337F /* DesignableView.swift */,
				EA5E42861C9020AE001F337F /* ImageLoader.swift */,
				EA5E42871C9020AE001F337F /* Info.plist */,
				EA5E42881C9020AE001F337F /* KeyboardLayoutConstraint.swift */,
				EA5E42891C9020AE001F337F /* LoadingView.swift */,
				EA5E428A1C9020AE001F337F /* LoadingView.xib */,
				EA5E428B1C9020AE001F337F /* Misc.swift */,
				EA5E428C1C9020AE001F337F /* SoundPlayer.swift */,
				EA5E428D1C9020AE001F337F /* Spring.h */,
				EA5E428E1C9020AE001F337F /* Spring.swift */,
				EA5E428F1C9020AE001F337F /* SpringAnimation.swift */,
				EA5E42901C9020AE001F337F /* SpringButton.swift */,
				EA5E42911C9020AE001F337F /* SpringImageView.swift */,
				EA5E42921C9020AE001F337F /* SpringLabel.swift */,
				EA5E42931C9020AE001F337F /* SpringTextField.swift */,
				EA5E42941C9020AE001F337F /* SpringTextView.swift */,
				EA5E42951C9020AE001F337F /* SpringView.swift */,
				EA5E42961C9020AE001F337F /* TransitionManager.swift */,
				EA5E42971C9020AE001F337F /* TransitionZoom.swift */,
				EA5E42981C9020AE001F337F /* UnwindSegue.swift */,
			);
			path = Spring;
			sourceTree = "<group>";
		};
/* End PBXGroup section */

/* Begin PBXNativeTarget section */
		EA5E42601C9010A5001F337F /* Oslo */ = {
			isa = PBXNativeTarget;
			buildConfigurationList = EA5E42761C9010A5001F337F /* Build configuration list for PBXNativeTarget "Oslo" */;
			buildPhases = (
				EA5E425D1C9010A5001F337F /* Sources */,
				EA5E425E1C9010A5001F337F /* Frameworks */,
				EA5E425F1C9010A5001F337F /* Resources */,
			);
			buildRules = (
			);
			dependencies = (
			);
			name = Oslo;
			productName = Oslo;
			productReference = EA5E42611C9010A5001F337F /* Oslo.app */;
			productType = "com.apple.product-type.application";
		};
/* End PBXNativeTarget section */

/* Begin PBXProject section */
		EA5E42591C9010A5001F337F /* Project object */ = {
			isa = PBXProject;
			attributes = {
				LastSwiftUpdateCheck = 0730;
				LastUpgradeCheck = 0730;
				ORGANIZATIONNAME = hippo_san;
				TargetAttributes = {
					EA5E42601C9010A5001F337F = {
						CreatedOnToolsVersion = 7.3;
					};
				};
			};
			buildConfigurationList = EA5E425C1C9010A5001F337F /* Build configuration list for PBXProject "Oslo" */;
			compatibilityVersion = "Xcode 3.2";
			developmentRegion = English;
			hasScannedForEncodings = 0;
			knownRegions = (
				en,
				Base,
			);
			mainGroup = EA5E42581C9010A5001F337F;
			productRefGroup = EA5E42621C9010A5001F337F /* Products */;
			projectDirPath = "";
			projectRoot = "";
			targets = (
				EA5E42601C9010A5001F337F /* Oslo */,
			);
		};
/* End PBXProject section */

/* Begin PBXResourcesBuildPhase section */
		EA5E425F1C9010A5001F337F /* Resources */ = {
			isa = PBXResourcesBuildPhase;
			buildActionMask = 2147483647;
			files = (
				EA5E42A51C9020AE001F337F /* Info.plist in Resources */,
				EA5E42721C9010A5001F337F /* LaunchScreen.storyboard in Resources */,
				EA5E42791C9015FF001F337F /* Assets.xcassets in Resources */,
				EA5E426A1C9010A5001F337F /* Main.storyboard in Resources */,
				EA5E42A81C9020AE001F337F /* LoadingView.xib in Resources */,
			);
			runOnlyForDeploymentPostprocessing = 0;
		};
/* End PBXResourcesBuildPhase section */

/* Begin PBXSourcesBuildPhase section */
		EA5E425D1C9010A5001F337F /* Sources */ = {
			isa = PBXSourcesBuildPhase;
			buildActionMask = 2147483647;
			files = (
				EA5E429F1C9020AE001F337F /* DesignableLabel.swift in Sources */,
				EA5E42AE1C9020AE001F337F /* SpringImageView.swift in Sources */,
				EA5E429B1C9020AE001F337F /* AutoTextView.swift in Sources */,
				EA5E42A41C9020AE001F337F /* ImageLoader.swift in Sources */,
				EA5E42A91C9020AE001F337F /* Misc.swift in Sources */,
				EA5E429C1C9020AE001F337F /* BlurView.swift in Sources */,
				EA5E42B51C9020AE001F337F /* UnwindSegue.swift in Sources */,
				EA5E42A71C9020AE001F337F /* LoadingView.swift in Sources */,
				EA2962A21C92811300D4D4DB /* ProjectsTableViewController.swift in Sources */,
				EA5E42B01C9020AE001F337F /* SpringTextField.swift in Sources */,
				EA5E42AB1C9020AE001F337F /* Spring.swift in Sources */,
				EA5E42AA1C9020AE001F337F /* SoundPlayer.swift in Sources */,
				EA7985711C94FA5100ECDB8A /* ProjectListCollectionViewCell.swift in Sources */,
				EA5E42A31C9020AE001F337F /* DesignableView.swift in Sources */,
				EA80A3EB1C95A5FA00FA6BA1 /* MenuTableViewCell.swift in Sources */,
				EA5E42B91C911D29001F337F /* LoginViewController.swift in Sources */,
				EA5E42A01C9020AE001F337F /* DesignableTabBarController.swift in Sources */,
				EA2962A51C92A22E00D4D4DB /* ProjectTableViewCell.swift in Sources */,
				EA5E429D1C9020AE001F337F /* DesignableButton.swift in Sources */,
				EA5E42651C9010A5001F337F /* AppDelegate.swift in Sources */,
				EA5E42B41C9020AE001F337F /* TransitionZoom.swift in Sources */,
				EA5E42A11C9020AE001F337F /* DesignableTextField.swift in Sources */,
				EA5E42B31C9020AE001F337F /* TransitionManager.swift in Sources */,
				EA80A3E91C95A5EE00FA6BA1 /* MenuTableViewController.swift in Sources */,
				EA5E42AF1C9020AE001F337F /* SpringLabel.swift in Sources */,
				EA5E42991C9020AE001F337F /* AsyncButton.swift in Sources */,
				EA5E429A1C9020AE001F337F /* AsyncImageView.swift in Sources */,
				EA5E42A21C9020AE001F337F /* DesignableTextView.swift in Sources */,
				EA5E42B21C9020AE001F337F /* SpringView.swift in Sources */,
				EA80A3ED1C95AE5E00FA6BA1 /* MenuTransitionManager.swift in Sources */,
				EA5E42B11C9020AE001F337F /* SpringTextView.swift in Sources */,
				EA5E42A61C9020AE001F337F /* KeyboardLayoutConstraint.swift in Sources */,
				EA5E42AD1C9020AE001F337F /* SpringButton.swift in Sources */,
				EA5E42AC1C9020AE001F337F /* SpringAnimation.swift in Sources */,
				EA5E429E1C9020AE001F337F /* DesignableImageView.swift in Sources */,
				EA79856F1C94F74D00ECDB8A /* UserProfileViewController.swift in Sources */,
				EA5E426D1C9010A5001F337F /* Oslo.xcdatamodeld in Sources */,
			);
			runOnlyForDeploymentPostprocessing = 0;
		};
/* End PBXSourcesBuildPhase section */

/* Begin PBXVariantGroup section */
		EA5E42681C9010A5001F337F /* Main.storyboard */ = {
			isa = PBXVariantGroup;
			children = (
				EA5E42691C9010A5001F337F /* Base */,
			);
			name = Main.storyboard;
			sourceTree = "<group>";
		};
		EA5E42701C9010A5001F337F /* LaunchScreen.storyboard */ = {
			isa = PBXVariantGroup;
			children = (
				EA5E42711C9010A5001F337F /* Base */,
			);
			name = LaunchScreen.storyboard;
			sourceTree = "<group>";
		};
/* End PBXVariantGroup section */

/* Begin XCBuildConfiguration section */
		EA5E42741C9010A5001F337F /* Debug */ = {
			isa = XCBuildConfiguration;
			buildSettings = {
				ALWAYS_SEARCH_USER_PATHS = NO;
				CLANG_ANALYZER_NONNULL = YES;
				CLANG_CXX_LANGUAGE_STANDARD = "gnu++0x";
				CLANG_CXX_LIBRARY = "libc++";
				CLANG_ENABLE_MODULES = YES;
				CLANG_ENABLE_OBJC_ARC = YES;
				CLANG_WARN_BOOL_CONVERSION = YES;
				CLANG_WARN_CONSTANT_CONVERSION = YES;
				CLANG_WARN_DIRECT_OBJC_ISA_USAGE = YES_ERROR;
				CLANG_WARN_EMPTY_BODY = YES;
				CLANG_WARN_ENUM_CONVERSION = YES;
				CLANG_WARN_INT_CONVERSION = YES;
				CLANG_WARN_OBJC_ROOT_CLASS = YES_ERROR;
				CLANG_WARN_UNREACHABLE_CODE = YES;
				CLANG_WARN__DUPLICATE_METHOD_MATCH = YES;
				"CODE_SIGN_IDENTITY[sdk=iphoneos*]" = "iPhone Developer";
				COPY_PHASE_STRIP = NO;
				DEBUG_INFORMATION_FORMAT = dwarf;
				ENABLE_STRICT_OBJC_MSGSEND = YES;
				ENABLE_TESTABILITY = YES;
				GCC_C_LANGUAGE_STANDARD = gnu99;
				GCC_DYNAMIC_NO_PIC = NO;
				GCC_NO_COMMON_BLOCKS = YES;
				GCC_OPTIMIZATION_LEVEL = 0;
				GCC_PREPROCESSOR_DEFINITIONS = (
					"DEBUG=1",
					"$(inherited)",
				);
				GCC_WARN_64_TO_32_BIT_CONVERSION = YES;
				GCC_WARN_ABOUT_RETURN_TYPE = YES_ERROR;
				GCC_WARN_UNDECLARED_SELECTOR = YES;
				GCC_WARN_UNINITIALIZED_AUTOS = YES_AGGRESSIVE;
				GCC_WARN_UNUSED_FUNCTION = YES;
				GCC_WARN_UNUSED_VARIABLE = YES;
				IPHONEOS_DEPLOYMENT_TARGET = 9.3;
				MTL_ENABLE_DEBUG_INFO = YES;
				ONLY_ACTIVE_ARCH = YES;
				SDKROOT = iphoneos;
				SWIFT_OPTIMIZATION_LEVEL = "-Onone";
			};
			name = Debug;
		};
		EA5E42751C9010A5001F337F /* Release */ = {
			isa = XCBuildConfiguration;
			buildSettings = {
				ALWAYS_SEARCH_USER_PATHS = NO;
				CLANG_ANALYZER_NONNULL = YES;
				CLANG_CXX_LANGUAGE_STANDARD = "gnu++0x";
				CLANG_CXX_LIBRARY = "libc++";
				CLANG_ENABLE_MODULES = YES;
				CLANG_ENABLE_OBJC_ARC = YES;
				CLANG_WARN_BOOL_CONVERSION = YES;
				CLANG_WARN_CONSTANT_CONVERSION = YES;
				CLANG_WARN_DIRECT_OBJC_ISA_USAGE = YES_ERROR;
				CLANG_WARN_EMPTY_BODY = YES;
				CLANG_WARN_ENUM_CONVERSION = YES;
				CLANG_WARN_INT_CONVERSION = YES;
				CLANG_WARN_OBJC_ROOT_CLASS = YES_ERROR;
				CLANG_WARN_UNREACHABLE_CODE = YES;
				CLANG_WARN__DUPLICATE_METHOD_MATCH = YES;
				"CODE_SIGN_IDENTITY[sdk=iphoneos*]" = "iPhone Developer";
				COPY_PHASE_STRIP = NO;
				DEBUG_INFORMATION_FORMAT = "dwarf-with-dsym";
				ENABLE_NS_ASSERTIONS = NO;
				ENABLE_STRICT_OBJC_MSGSEND = YES;
				GCC_C_LANGUAGE_STANDARD = gnu99;
				GCC_NO_COMMON_BLOCKS = YES;
				GCC_WARN_64_TO_32_BIT_CONVERSION = YES;
				GCC_WARN_ABOUT_RETURN_TYPE = YES_ERROR;
				GCC_WARN_UNDECLARED_SELECTOR = YES;
				GCC_WARN_UNINITIALIZED_AUTOS = YES_AGGRESSIVE;
				GCC_WARN_UNUSED_FUNCTION = YES;
				GCC_WARN_UNUSED_VARIABLE = YES;
				IPHONEOS_DEPLOYMENT_TARGET = 9.3;
				MTL_ENABLE_DEBUG_INFO = NO;
				SDKROOT = iphoneos;
				VALIDATE_PRODUCT = YES;
			};
			name = Release;
		};
		EA5E42771C9010A5001F337F /* Debug */ = {
			isa = XCBuildConfiguration;
			buildSettings = {
				ASSETCATALOG_COMPILER_APPICON_NAME = AppIcon;
				INFOPLIST_FILE = Oslo/Info.plist;
				LD_RUNPATH_SEARCH_PATHS = "$(inherited) @executable_path/Frameworks";
				PRODUCT_BUNDLE_IDENTIFIER = Ziyideas.Oslo;
				PRODUCT_NAME = "$(TARGET_NAME)";
				TARGETED_DEVICE_FAMILY = "1,2";
			};
			name = Debug;
		};
		EA5E42781C9010A5001F337F /* Release */ = {
			isa = XCBuildConfiguration;
			buildSettings = {
				ASSETCATALOG_COMPILER_APPICON_NAME = AppIcon;
				INFOPLIST_FILE = Oslo/Info.plist;
				LD_RUNPATH_SEARCH_PATHS = "$(inherited) @executable_path/Frameworks";
				PRODUCT_BUNDLE_IDENTIFIER = Ziyideas.Oslo;
				PRODUCT_NAME = "$(TARGET_NAME)";
				TARGETED_DEVICE_FAMILY = "1,2";
			};
			name = Release;
		};
/* End XCBuildConfiguration section */

/* Begin XCConfigurationList section */
		EA5E425C1C9010A5001F337F /* Build configuration list for PBXProject "Oslo" */ = {
			isa = XCConfigurationList;
			buildConfigurations = (
				EA5E42741C9010A5001F337F /* Debug */,
				EA5E42751C9010A5001F337F /* Release */,
			);
			defaultConfigurationIsVisible = 0;
			defaultConfigurationName = Release;
		};
		EA5E42761C9010A5001F337F /* Build configuration list for PBXNativeTarget "Oslo" */ = {
			isa = XCConfigurationList;
			buildConfigurations = (
				EA5E42771C9010A5001F337F /* Debug */,
				EA5E42781C9010A5001F337F /* Release */,
			);
			defaultConfigurationIsVisible = 0;
			defaultConfigurationName = Release;
		};
/* End XCConfigurationList section */

/* Begin XCVersionGroup section */
		EA5E426B1C9010A5001F337F /* Oslo.xcdatamodeld */ = {
			isa = XCVersionGroup;
			children = (
				EA5E426C1C9010A5001F337F /* Oslo.xcdatamodel */,
			);
			currentVersion = EA5E426C1C9010A5001F337F /* Oslo.xcdatamodel */;
			path = Oslo.xcdatamodeld;
			sourceTree = "<group>";
			versionGroupType = wrapper.xcdatamodel;
		};
/* End XCVersionGroup section */
	};
	rootObject = EA5E42591C9010A5001F337F /* Project object */;
}
